// !$*UTF8*$!
{
	archiveVersion = 1;
	classes = {
	};
	objectVersion = 46;
	objects = {

/* Begin PBXBuildFile section */
		81BA814B1A49DA1800E65899 /* AppDelegate.swift in Sources */ = {isa = PBXBuildFile; fileRef = 81BA814A1A49DA1800E65899 /* AppDelegate.swift */; };
		81BA814D1A49DA1800E65899 /* LoginView.swift in Sources */ = {isa = PBXBuildFile; fileRef = 81BA814C1A49DA1800E65899 /* LoginView.swift */; };
		81BA81501A49DA1800E65899 /* Main.storyboard in Resources */ = {isa = PBXBuildFile; fileRef = 81BA814E1A49DA1800E65899 /* Main.storyboard */; };
		81BA81521A49DA1800E65899 /* Images.xcassets in Resources */ = {isa = PBXBuildFile; fileRef = 81BA81511A49DA1800E65899 /* Images.xcassets */; };
		81BA81701A49DB6800E65899 /* Bolts.framework in Frameworks */ = {isa = PBXBuildFile; fileRef = 81BA816B1A49DB6800E65899 /* Bolts.framework */; };
		81BA81711A49DB6800E65899 /* Parse.framework in Frameworks */ = {isa = PBXBuildFile; fileRef = 81BA816C1A49DB6800E65899 /* Parse.framework */; };
		81BA81721A49DB6800E65899 /* ParseCrashReporting.framework in Frameworks */ = {isa = PBXBuildFile; fileRef = 81BA816D1A49DB6800E65899 /* ParseCrashReporting.framework */; };
		81BA81771A49E0D500E65899 /* libsqlite3.dylib in Frameworks */ = {isa = PBXBuildFile; fileRef = 81BA81761A49E0D500E65899 /* libsqlite3.dylib */; };
		81BA81791A49E0DB00E65899 /* AudioToolbox.framework in Frameworks */ = {isa = PBXBuildFile; fileRef = 81BA81781A49E0DB00E65899 /* AudioToolbox.framework */; };
		81BA817B1A49E0E500E65899 /* SystemConfiguration.framework in Frameworks */ = {isa = PBXBuildFile; fileRef = 81BA817A1A49E0E500E65899 /* SystemConfiguration.framework */; };
		81BA817F1A49E0F000E65899 /* libstdc++.6.dylib in Frameworks */ = {isa = PBXBuildFile; fileRef = 81BA817E1A49E0F000E65899 /* libstdc++.6.dylib */; };
		81BA81811A49E10C00E65899 /* ParseUI.framework in Frameworks */ = {isa = PBXBuildFile; fileRef = 81BA81801A49E10C00E65899 /* ParseUI.framework */; };
		981D3D611C22552A00096367 /* facebookF.jpeg in Resources */ = {isa = PBXBuildFile; fileRef = 981D3D601C22552A00096367 /* facebookF.jpeg */; };
		981D3D651C27CD6400096367 /* newUser.png in Resources */ = {isa = PBXBuildFile; fileRef = 981D3D641C27CD6400096367 /* newUser.png */; };
		982B88E91C021DE500FB6A88 /* beachFootballVector.png in Resources */ = {isa = PBXBuildFile; fileRef = 982B88E81C021DE500FB6A88 /* beachFootballVector.png */; };
		9830B38E1BFD8994002B4619 /* ScheduleView.swift in Sources */ = {isa = PBXBuildFile; fileRef = 9830B38D1BFD8994002B4619 /* ScheduleView.swift */; };
		9830B3901BFD8F5A002B4619 /* ScheduleCell.swift in Sources */ = {isa = PBXBuildFile; fileRef = 9830B38F1BFD8F5A002B4619 /* ScheduleCell.swift */; };
		9830B3921BFD94E4002B4619 /* HomeView.swift in Sources */ = {isa = PBXBuildFile; fileRef = 9830B3911BFD94E4002B4619 /* HomeView.swift */; };
		9830B3941BFDA48C002B4619 /* TeamView.swift in Sources */ = {isa = PBXBuildFile; fileRef = 9830B3931BFDA48C002B4619 /* TeamView.swift */; };
		9830B3961BFDA4AF002B4619 /* StandingsView.swift in Sources */ = {isa = PBXBuildFile; fileRef = 9830B3951BFDA4AF002B4619 /* StandingsView.swift */; };
		9830B3981BFDA4BF002B4619 /* EventsView.swift in Sources */ = {isa = PBXBuildFile; fileRef = 9830B3971BFDA4BF002B4619 /* EventsView.swift */; };
		9830B39A1BFDA4D8002B4619 /* VIPView.swift in Sources */ = {isa = PBXBuildFile; fileRef = 9830B3991BFDA4D8002B4619 /* VIPView.swift */; };
		9830B39C1BFDA6F4002B4619 /* TeamCell.swift in Sources */ = {isa = PBXBuildFile; fileRef = 9830B39B1BFDA6F4002B4619 /* TeamCell.swift */; };
		9830B39E1BFDA6FD002B4619 /* StandingsCell.swift in Sources */ = {isa = PBXBuildFile; fileRef = 9830B39D1BFDA6FD002B4619 /* StandingsCell.swift */; };
		9830B3A01BFDA708002B4619 /* EventsCell.swift in Sources */ = {isa = PBXBuildFile; fileRef = 9830B39F1BFDA708002B4619 /* EventsCell.swift */; };
		983203E61C00C998000A5DB5 /* Leagues.swift in Sources */ = {isa = PBXBuildFile; fileRef = 983203E51C00C998000A5DB5 /* Leagues.swift */; };
		983616D71BFAEF910010C821 /* SWRevealViewController.m in Sources */ = {isa = PBXBuildFile; fileRef = 983616D61BFAEF910010C821 /* SWRevealViewController.m */; };
		983616DD1BFB9E7B0010C821 /* MenuView.swift in Sources */ = {isa = PBXBuildFile; fileRef = 983616DC1BFB9E7B0010C821 /* MenuView.swift */; };
		987EC9D91B844FEA004B9DE0 /* sandBackground.jpg in Resources */ = {isa = PBXBuildFile; fileRef = 987EC9D81B844FEA004B9DE0 /* sandBackground.jpg */; };
		989CF9C01C0E7B02009341CB /* Home.png in Resources */ = {isa = PBXBuildFile; fileRef = 989CF9BF1C0E7B02009341CB /* Home.png */; };
		98AF92B71BC3508100AF2015 /* Teams.swift in Sources */ = {isa = PBXBuildFile; fileRef = 98AF92B61BC3508100AF2015 /* Teams.swift */; };
		98AF92B91BC3797900AF2015 /* Schedule.swift in Sources */ = {isa = PBXBuildFile; fileRef = 98AF92B81BC3797900AF2015 /* Schedule.swift */; };
		98AF92BB1BC37AD700AF2015 /* Test.swift in Sources */ = {isa = PBXBuildFile; fileRef = 98AF92BA1BC37AD700AF2015 /* Test.swift */; };
		98CEDE411B68531800CC3983 /* FBSDKCoreKit.framework in Frameworks */ = {isa = PBXBuildFile; fileRef = 98CEDE3F1B68531800CC3983 /* FBSDKCoreKit.framework */; };
		98CEDE421B68531800CC3983 /* FBSDKLoginKit.framework in Frameworks */ = {isa = PBXBuildFile; fileRef = 98CEDE401B68531800CC3983 /* FBSDKLoginKit.framework */; };
		98CEDE441B68532000CC3983 /* ParseFacebookUtilsV4.framework in Frameworks */ = {isa = PBXBuildFile; fileRef = 98CEDE431B68532000CC3983 /* ParseFacebookUtilsV4.framework */; };
		98CEDE461B688DDD00CC3983 /* Login with facebook.png in Resources */ = {isa = PBXBuildFile; fileRef = 98CEDE451B688DDD00CC3983 /* Login with facebook.png */; };
		98CEDE481B688E4F00CC3983 /* Beach City Sport.jpg in Resources */ = {isa = PBXBuildFile; fileRef = 98CEDE471B688E4F00CC3983 /* Beach City Sport.jpg */; };
		98CEDE4A1B688F3D00CC3983 /* Halo Brute.png in Resources */ = {isa = PBXBuildFile; fileRef = 98CEDE491B688F3D00CC3983 /* Halo Brute.png */; };
		98CEDE4C1B6893DB00CC3983 /* SignUpUser.swift in Sources */ = {isa = PBXBuildFile; fileRef = 98CEDE4B1B6893DB00CC3983 /* SignUpUser.swift */; };
		98F52F5E1C0FC2F300CB214F /* SignUpLeague.swift in Sources */ = {isa = PBXBuildFile; fileRef = 98F52F5D1C0FC2F300CB214F /* SignUpLeague.swift */; };
		98F52F601C0FC30B00CB214F /* SignUpTeam.swift in Sources */ = {isa = PBXBuildFile; fileRef = 98F52F5F1C0FC30B00CB214F /* SignUpTeam.swift */; };
		98F52F621C0FC33600CB214F /* Code Clips.swift in Sources */ = {isa = PBXBuildFile; fileRef = 98F52F611C0FC33600CB214F /* Code Clips.swift */; };
		98F52F641C0FF09F00CB214F /* SignUpLeagueCell.swift in Sources */ = {isa = PBXBuildFile; fileRef = 98F52F631C0FF09F00CB214F /* SignUpLeagueCell.swift */; };
		98F52F661C12650A00CB214F /* SignUpTeamCell.swift in Sources */ = {isa = PBXBuildFile; fileRef = 98F52F651C12650A00CB214F /* SignUpTeamCell.swift */; };
/* End PBXBuildFile section */

/* Begin PBXFileReference section */
		81BA81451A49DA1800E65899 /* BCS Gameday.app */ = {isa = PBXFileReference; explicitFileType = wrapper.application; includeInIndex = 0; path = "BCS Gameday.app"; sourceTree = BUILT_PRODUCTS_DIR; };
		81BA81491A49DA1800E65899 /* Info.plist */ = {isa = PBXFileReference; lastKnownFileType = text.plist.xml; path = Info.plist; sourceTree = "<group>"; };
		81BA814A1A49DA1800E65899 /* AppDelegate.swift */ = {isa = PBXFileReference; lastKnownFileType = sourcecode.swift; path = AppDelegate.swift; sourceTree = "<group>"; };
		81BA814C1A49DA1800E65899 /* LoginView.swift */ = {isa = PBXFileReference; lastKnownFileType = sourcecode.swift; path = LoginView.swift; sourceTree = "<group>"; };
		81BA814F1A49DA1800E65899 /* Base */ = {isa = PBXFileReference; lastKnownFileType = file.storyboard; name = Base; path = Base.lproj/Main.storyboard; sourceTree = "<group>"; };
		81BA81511A49DA1800E65899 /* Images.xcassets */ = {isa = PBXFileReference; lastKnownFileType = folder.assetcatalog; path = Images.xcassets; sourceTree = "<group>"; };
		81BA816B1A49DB6800E65899 /* Bolts.framework */ = {isa = PBXFileReference; lastKnownFileType = wrapper.framework; path = Bolts.framework; sourceTree = "<group>"; };
		81BA816C1A49DB6800E65899 /* Parse.framework */ = {isa = PBXFileReference; lastKnownFileType = wrapper.framework; path = Parse.framework; sourceTree = "<group>"; };
		81BA816D1A49DB6800E65899 /* ParseCrashReporting.framework */ = {isa = PBXFileReference; lastKnownFileType = wrapper.framework; path = ParseCrashReporting.framework; sourceTree = "<group>"; };
		81BA81761A49E0D500E65899 /* libsqlite3.dylib */ = {isa = PBXFileReference; lastKnownFileType = "compiled.mach-o.dylib"; name = libsqlite3.dylib; path = usr/lib/libsqlite3.dylib; sourceTree = SDKROOT; };
		81BA81781A49E0DB00E65899 /* AudioToolbox.framework */ = {isa = PBXFileReference; lastKnownFileType = wrapper.framework; name = AudioToolbox.framework; path = System/Library/Frameworks/AudioToolbox.framework; sourceTree = SDKROOT; };
		81BA817A1A49E0E500E65899 /* SystemConfiguration.framework */ = {isa = PBXFileReference; lastKnownFileType = wrapper.framework; name = SystemConfiguration.framework; path = System/Library/Frameworks/SystemConfiguration.framework; sourceTree = SDKROOT; };
		81BA817E1A49E0F000E65899 /* libstdc++.6.dylib */ = {isa = PBXFileReference; lastKnownFileType = "compiled.mach-o.dylib"; name = "libstdc++.6.dylib"; path = "usr/lib/libstdc++.6.dylib"; sourceTree = SDKROOT; };
		81BA81801A49E10C00E65899 /* ParseUI.framework */ = {isa = PBXFileReference; lastKnownFileType = wrapper.framework; path = ParseUI.framework; sourceTree = "<group>"; };
		81BA81821A49E27F00E65899 /* ParseStarterProject-Bridging-Header.h */ = {isa = PBXFileReference; fileEncoding = 4; lastKnownFileType = sourcecode.c.h; path = "ParseStarterProject-Bridging-Header.h"; sourceTree = "<group>"; };
		981D3D601C22552A00096367 /* facebookF.jpeg */ = {isa = PBXFileReference; lastKnownFileType = image.jpeg; path = facebookF.jpeg; sourceTree = "<group>"; };
		981D3D641C27CD6400096367 /* newUser.png */ = {isa = PBXFileReference; lastKnownFileType = image.png; path = newUser.png; sourceTree = "<group>"; };
		982B88E81C021DE500FB6A88 /* beachFootballVector.png */ = {isa = PBXFileReference; lastKnownFileType = image.png; path = beachFootballVector.png; sourceTree = "<group>"; };
		9830B38D1BFD8994002B4619 /* ScheduleView.swift */ = {isa = PBXFileReference; fileEncoding = 4; lastKnownFileType = sourcecode.swift; name = ScheduleView.swift; path = ../ScheduleView.swift; sourceTree = "<group>"; };
		9830B38F1BFD8F5A002B4619 /* ScheduleCell.swift */ = {isa = PBXFileReference; fileEncoding = 4; lastKnownFileType = sourcecode.swift; path = ScheduleCell.swift; sourceTree = "<group>"; };
		9830B3911BFD94E4002B4619 /* HomeView.swift */ = {isa = PBXFileReference; fileEncoding = 4; lastKnownFileType = sourcecode.swift; path = HomeView.swift; sourceTree = "<group>"; };
		9830B3931BFDA48C002B4619 /* TeamView.swift */ = {isa = PBXFileReference; fileEncoding = 4; lastKnownFileType = sourcecode.swift; path = TeamView.swift; sourceTree = "<group>"; };
		9830B3951BFDA4AF002B4619 /* StandingsView.swift */ = {isa = PBXFileReference; fileEncoding = 4; lastKnownFileType = sourcecode.swift; path = StandingsView.swift; sourceTree = "<group>"; };
		9830B3971BFDA4BF002B4619 /* EventsView.swift */ = {isa = PBXFileReference; fileEncoding = 4; lastKnownFileType = sourcecode.swift; path = EventsView.swift; sourceTree = "<group>"; };
		9830B3991BFDA4D8002B4619 /* VIPView.swift */ = {isa = PBXFileReference; fileEncoding = 4; lastKnownFileType = sourcecode.swift; path = VIPView.swift; sourceTree = "<group>"; };
		9830B39B1BFDA6F4002B4619 /* TeamCell.swift */ = {isa = PBXFileReference; fileEncoding = 4; lastKnownFileType = sourcecode.swift; path = TeamCell.swift; sourceTree = "<group>"; };
		9830B39D1BFDA6FD002B4619 /* StandingsCell.swift */ = {isa = PBXFileReference; fileEncoding = 4; lastKnownFileType = sourcecode.swift; path = StandingsCell.swift; sourceTree = "<group>"; };
		9830B39F1BFDA708002B4619 /* EventsCell.swift */ = {isa = PBXFileReference; fileEncoding = 4; lastKnownFileType = sourcecode.swift; path = EventsCell.swift; sourceTree = "<group>"; };
		983203E51C00C998000A5DB5 /* Leagues.swift */ = {isa = PBXFileReference; fileEncoding = 4; lastKnownFileType = sourcecode.swift; path = Leagues.swift; sourceTree = "<group>"; };
		983616D51BFAEF910010C821 /* SWRevealViewController.h */ = {isa = PBXFileReference; fileEncoding = 4; lastKnownFileType = sourcecode.c.h; path = SWRevealViewController.h; sourceTree = "<group>"; };
		983616D61BFAEF910010C821 /* SWRevealViewController.m */ = {isa = PBXFileReference; fileEncoding = 4; lastKnownFileType = sourcecode.c.objc; path = SWRevealViewController.m; sourceTree = "<group>"; };
		983616DC1BFB9E7B0010C821 /* MenuView.swift */ = {isa = PBXFileReference; fileEncoding = 4; lastKnownFileType = sourcecode.swift; path = MenuView.swift; sourceTree = "<group>"; };
		987EC9D81B844FEA004B9DE0 /* sandBackground.jpg */ = {isa = PBXFileReference; lastKnownFileType = image.jpeg; path = sandBackground.jpg; sourceTree = "<group>"; };
		989CF9BF1C0E7B02009341CB /* Home.png */ = {isa = PBXFileReference; lastKnownFileType = image.png; path = Home.png; sourceTree = "<group>"; };
		98AF92B61BC3508100AF2015 /* Teams.swift */ = {isa = PBXFileReference; fileEncoding = 4; lastKnownFileType = sourcecode.swift; path = Teams.swift; sourceTree = "<group>"; };
		98AF92B81BC3797900AF2015 /* Schedule.swift */ = {isa = PBXFileReference; fileEncoding = 4; lastKnownFileType = sourcecode.swift; path = Schedule.swift; sourceTree = "<group>"; };
		98AF92BA1BC37AD700AF2015 /* Test.swift */ = {isa = PBXFileReference; fileEncoding = 4; lastKnownFileType = sourcecode.swift; path = Test.swift; sourceTree = "<group>"; };
		98CEDE3F1B68531800CC3983 /* FBSDKCoreKit.framework */ = {isa = PBXFileReference; lastKnownFileType = wrapper.framework; name = FBSDKCoreKit.framework; path = ../../FacebookSDK/FBSDKCoreKit.framework; sourceTree = "<group>"; };
		98CEDE401B68531800CC3983 /* FBSDKLoginKit.framework */ = {isa = PBXFileReference; lastKnownFileType = wrapper.framework; name = FBSDKLoginKit.framework; path = ../../FacebookSDK/FBSDKLoginKit.framework; sourceTree = "<group>"; };
		98CEDE431B68532000CC3983 /* ParseFacebookUtilsV4.framework */ = {isa = PBXFileReference; lastKnownFileType = wrapper.framework; path = ParseFacebookUtilsV4.framework; sourceTree = "<group>"; };
		98CEDE451B688DDD00CC3983 /* Login with facebook.png */ = {isa = PBXFileReference; lastKnownFileType = image.png; path = "Login with facebook.png"; sourceTree = "<group>"; };
		98CEDE471B688E4F00CC3983 /* Beach City Sport.jpg */ = {isa = PBXFileReference; lastKnownFileType = image.jpeg; path = "Beach City Sport.jpg"; sourceTree = "<group>"; };
		98CEDE491B688F3D00CC3983 /* Halo Brute.png */ = {isa = PBXFileReference; lastKnownFileType = image.png; path = "Halo Brute.png"; sourceTree = "<group>"; };
		98CEDE4B1B6893DB00CC3983 /* SignUpUser.swift */ = {isa = PBXFileReference; fileEncoding = 4; lastKnownFileType = sourcecode.swift; path = SignUpUser.swift; sourceTree = "<group>"; };
		98F52F5D1C0FC2F300CB214F /* SignUpLeague.swift */ = {isa = PBXFileReference; fileEncoding = 4; lastKnownFileType = sourcecode.swift; path = SignUpLeague.swift; sourceTree = "<group>"; };
		98F52F5F1C0FC30B00CB214F /* SignUpTeam.swift */ = {isa = PBXFileReference; fileEncoding = 4; lastKnownFileType = sourcecode.swift; path = SignUpTeam.swift; sourceTree = "<group>"; };
		98F52F611C0FC33600CB214F /* Code Clips.swift */ = {isa = PBXFileReference; fileEncoding = 4; lastKnownFileType = sourcecode.swift; path = "Code Clips.swift"; sourceTree = "<group>"; };
		98F52F631C0FF09F00CB214F /* SignUpLeagueCell.swift */ = {isa = PBXFileReference; fileEncoding = 4; lastKnownFileType = sourcecode.swift; path = SignUpLeagueCell.swift; sourceTree = "<group>"; };
		98F52F651C12650A00CB214F /* SignUpTeamCell.swift */ = {isa = PBXFileReference; fileEncoding = 4; lastKnownFileType = sourcecode.swift; path = SignUpTeamCell.swift; sourceTree = "<group>"; };
/* End PBXFileReference section */

/* Begin PBXFrameworksBuildPhase section */
		81BA81421A49DA1800E65899 /* Frameworks */ = {
			isa = PBXFrameworksBuildPhase;
			buildActionMask = 2147483647;
			files = (
				81BA817F1A49E0F000E65899 /* libstdc++.6.dylib in Frameworks */,
				81BA817B1A49E0E500E65899 /* SystemConfiguration.framework in Frameworks */,
				98CEDE441B68532000CC3983 /* ParseFacebookUtilsV4.framework in Frameworks */,
				81BA81791A49E0DB00E65899 /* AudioToolbox.framework in Frameworks */,
				81BA81771A49E0D500E65899 /* libsqlite3.dylib in Frameworks */,
				81BA81711A49DB6800E65899 /* Parse.framework in Frameworks */,
				98CEDE411B68531800CC3983 /* FBSDKCoreKit.framework in Frameworks */,
				81BA81721A49DB6800E65899 /* ParseCrashReporting.framework in Frameworks */,
				98CEDE421B68531800CC3983 /* FBSDKLoginKit.framework in Frameworks */,
				81BA81811A49E10C00E65899 /* ParseUI.framework in Frameworks */,
				81BA81701A49DB6800E65899 /* Bolts.framework in Frameworks */,
			);
			runOnlyForDeploymentPostprocessing = 0;
		};
/* End PBXFrameworksBuildPhase section */

/* Begin PBXGroup section */
		81BA813C1A49DA1800E65899 = {
			isa = PBXGroup;
			children = (
				81BA81471A49DA1800E65899 /* BCS Gameday */,
				81BA816A1A49DB5600E65899 /* Frameworks */,
				81BA81461A49DA1800E65899 /* Products */,
				98CEDE451B688DDD00CC3983 /* Login with facebook.png */,
				98CEDE471B688E4F00CC3983 /* Beach City Sport.jpg */,
				98CEDE491B688F3D00CC3983 /* Halo Brute.png */,
				987EC9D81B844FEA004B9DE0 /* sandBackground.jpg */,
			);
			sourceTree = "<group>";
		};
		81BA81461A49DA1800E65899 /* Products */ = {
			isa = PBXGroup;
			children = (
				81BA81451A49DA1800E65899 /* BCS Gameday.app */,
			);
			name = Products;
			sourceTree = "<group>";
		};
		81BA81471A49DA1800E65899 /* BCS Gameday */ = {
			isa = PBXGroup;
			children = (
				81BA814A1A49DA1800E65899 /* AppDelegate.swift */,
				81BA814E1A49DA1800E65899 /* Main.storyboard */,
				98F52F571C0FC06D00CB214F /* SignUp */,
				98F52F591C0FC0C600CB214F /* Core */,
				98F52F5A1C0FC0F000CB214F /* WebContent */,
				81BA81481A49DA1800E65899 /* Supporting Files */,
				982B88E71C021DBF00FB6A88 /* Images */,
				81BA81511A49DA1800E65899 /* Images.xcassets */,
			);
			name = "BCS Gameday";
			path = ParseStarterProject;
			sourceTree = "<group>";
		};
		81BA81481A49DA1800E65899 /* Supporting Files */ = {
			isa = PBXGroup;
			children = (
				81BA81491A49DA1800E65899 /* Info.plist */,
				983616D51BFAEF910010C821 /* SWRevealViewController.h */,
				983616D61BFAEF910010C821 /* SWRevealViewController.m */,
				81BA81821A49E27F00E65899 /* ParseStarterProject-Bridging-Header.h */,
			);
			name = "Supporting Files";
			sourceTree = "<group>";
		};
		81BA816A1A49DB5600E65899 /* Frameworks */ = {
			isa = PBXGroup;
			children = (
				98CEDE431B68532000CC3983 /* ParseFacebookUtilsV4.framework */,
				98CEDE3F1B68531800CC3983 /* FBSDKCoreKit.framework */,
				98CEDE401B68531800CC3983 /* FBSDKLoginKit.framework */,
				81BA816B1A49DB6800E65899 /* Bolts.framework */,
				81BA816C1A49DB6800E65899 /* Parse.framework */,
				81BA816D1A49DB6800E65899 /* ParseCrashReporting.framework */,
				81BA81801A49E10C00E65899 /* ParseUI.framework */,
				81BA81751A49E0C500E65899 /* System Frameworks */,
			);
			name = Frameworks;
			sourceTree = "<group>";
		};
		81BA81751A49E0C500E65899 /* System Frameworks */ = {
			isa = PBXGroup;
			children = (
				81BA817E1A49E0F000E65899 /* libstdc++.6.dylib */,
				81BA817A1A49E0E500E65899 /* SystemConfiguration.framework */,
				81BA81781A49E0DB00E65899 /* AudioToolbox.framework */,
				81BA81761A49E0D500E65899 /* libsqlite3.dylib */,
			);
			name = "System Frameworks";
			sourceTree = "<group>";
		};
		982B88E71C021DBF00FB6A88 /* Images */ = {
			isa = PBXGroup;
			children = (
				981D3D601C22552A00096367 /* facebookF.jpeg */,
				981D3D641C27CD6400096367 /* newUser.png */,
				989CF9BF1C0E7B02009341CB /* Home.png */,
				982B88E81C021DE500FB6A88 /* beachFootballVector.png */,
			);
			name = Images;
			sourceTree = "<group>";
		};
		98F52F571C0FC06D00CB214F /* SignUp */ = {
			isa = PBXGroup;
			children = (
				81BA814C1A49DA1800E65899 /* LoginView.swift */,
				98CEDE4B1B6893DB00CC3983 /* SignUpUser.swift */,
				98F52F5D1C0FC2F300CB214F /* SignUpLeague.swift */,
				98F52F631C0FF09F00CB214F /* SignUpLeagueCell.swift */,
				98F52F5F1C0FC30B00CB214F /* SignUpTeam.swift */,
				98F52F651C12650A00CB214F /* SignUpTeamCell.swift */,
			);
			name = SignUp;
			sourceTree = "<group>";
		};
		98F52F591C0FC0C600CB214F /* Core */ = {
			isa = PBXGroup;
			children = (
				983616DC1BFB9E7B0010C821 /* MenuView.swift */,
				9830B3911BFD94E4002B4619 /* HomeView.swift */,
				9830B3931BFDA48C002B4619 /* TeamView.swift */,
				9830B39B1BFDA6F4002B4619 /* TeamCell.swift */,
				9830B38D1BFD8994002B4619 /* ScheduleView.swift */,
				9830B38F1BFD8F5A002B4619 /* ScheduleCell.swift */,
				9830B3951BFDA4AF002B4619 /* StandingsView.swift */,
				9830B39D1BFDA6FD002B4619 /* StandingsCell.swift */,
				9830B3971BFDA4BF002B4619 /* EventsView.swift */,
				9830B39F1BFDA708002B4619 /* EventsCell.swift */,
				9830B3991BFDA4D8002B4619 /* VIPView.swift */,
			);
			name = Core;
			sourceTree = "<group>";
		};
		98F52F5A1C0FC0F000CB214F /* WebContent */ = {
			isa = PBXGroup;
			children = (
				98AF92BA1BC37AD700AF2015 /* Test.swift */,
				983203E51C00C998000A5DB5 /* Leagues.swift */,
				98AF92B61BC3508100AF2015 /* Teams.swift */,
				98AF92B81BC3797900AF2015 /* Schedule.swift */,
				98F52F611C0FC33600CB214F /* Code Clips.swift */,
			);
			name = WebContent;
			sourceTree = "<group>";
		};
/* End PBXGroup section */

/* Begin PBXNativeTarget section */
		81BA81441A49DA1800E65899 /* BCS Gameday */ = {
			isa = PBXNativeTarget;
			buildConfigurationList = 81BA81641A49DA1800E65899 /* Build configuration list for PBXNativeTarget "BCS Gameday" */;
			buildPhases = (
				81BA81411A49DA1800E65899 /* Sources */,
				81BA81421A49DA1800E65899 /* Frameworks */,
				81BA81431A49DA1800E65899 /* Resources */,
				81CC85E11A49F6D40076DE19 /* Upload Symbol Files */,
			);
			buildRules = (
			);
			dependencies = (
			);
			name = "BCS Gameday";
			productName = ParseStarterProject;
			productReference = 81BA81451A49DA1800E65899 /* BCS Gameday.app */;
			productType = "com.apple.product-type.application";
		};
/* End PBXNativeTarget section */

/* Begin PBXProject section */
		81BA813D1A49DA1800E65899 /* Project object */ = {
			isa = PBXProject;
			attributes = {
				LastSwiftUpdateCheck = 0700;
				LastUpgradeCheck = 0700;
				ORGANIZATIONNAME = Manstof;
				TargetAttributes = {
					81BA81441A49DA1800E65899 = {
						CreatedOnToolsVersion = 6.1.1;
					};
				};
			};
			buildConfigurationList = 81BA81401A49DA1800E65899 /* Build configuration list for PBXProject "BCS Gameday" */;
			compatibilityVersion = "Xcode 3.2";
			developmentRegion = English;
			hasScannedForEncodings = 0;
			knownRegions = (
				en,
				Base,
			);
			mainGroup = 81BA813C1A49DA1800E65899;
			productRefGroup = 81BA81461A49DA1800E65899 /* Products */;
			projectDirPath = "";
			projectRoot = "";
			targets = (
				81BA81441A49DA1800E65899 /* BCS Gameday */,
			);
		};
/* End PBXProject section */

/* Begin PBXResourcesBuildPhase section */
		81BA81431A49DA1800E65899 /* Resources */ = {
			isa = PBXResourcesBuildPhase;
			buildActionMask = 2147483647;
			files = (
				982B88E91C021DE500FB6A88 /* beachFootballVector.png in Resources */,
				981D3D611C22552A00096367 /* facebookF.jpeg in Resources */,
				98CEDE4A1B688F3D00CC3983 /* Halo Brute.png in Resources */,
				981D3D651C27CD6400096367 /* newUser.png in Resources */,
				81BA81501A49DA1800E65899 /* Main.storyboard in Resources */,
				98CEDE461B688DDD00CC3983 /* Login with facebook.png in Resources */,
				989CF9C01C0E7B02009341CB /* Home.png in Resources */,
				987EC9D91B844FEA004B9DE0 /* sandBackground.jpg in Resources */,
				81BA81521A49DA1800E65899 /* Images.xcassets in Resources */,
				98CEDE481B688E4F00CC3983 /* Beach City Sport.jpg in Resources */,
			);
			runOnlyForDeploymentPostprocessing = 0;
		};
/* End PBXResourcesBuildPhase section */

/* Begin PBXShellScriptBuildPhase section */
		81CC85E11A49F6D40076DE19 /* Upload Symbol Files */ = {
			isa = PBXShellScriptBuildPhase;
			buildActionMask = 2147483647;
			files = (
			);
			inputPaths = (
			);
			name = "Upload Symbol Files";
			outputPaths = (
			);
			runOnlyForDeploymentPostprocessing = 0;
			shellPath = /bin/sh;
			shellScript = "# This script will upload symbol files for your application,\n# so all your crash reports are going to be symbolicated\n\n# Important!\n# Before using the script, please initialize CloudCode folder and replace <path_to_cloudcode_folder> with the path to it\n#\n# Read more on Parse.com - https://parse.com/apps/quickstart#analytics/crashreporting/ios/\n############################################################\n\n\n# export PATH=/usr/local/bin:$PATH\n# cd <path_to_cloudcode_folder>\n\n# parse symbols -p \"${DWARF_DSYM_FOLDER_PATH}/${DWARF_DSYM_FILE_NAME}\"\n";
		};
/* End PBXShellScriptBuildPhase section */

/* Begin PBXSourcesBuildPhase section */
		81BA81411A49DA1800E65899 /* Sources */ = {
			isa = PBXSourcesBuildPhase;
			buildActionMask = 2147483647;
			files = (
				9830B3A01BFDA708002B4619 /* EventsCell.swift in Sources */,
				98F52F601C0FC30B00CB214F /* SignUpTeam.swift in Sources */,
				983203E61C00C998000A5DB5 /* Leagues.swift in Sources */,
				98F52F5E1C0FC2F300CB214F /* SignUpLeague.swift in Sources */,
				9830B39C1BFDA6F4002B4619 /* TeamCell.swift in Sources */,
				98CEDE4C1B6893DB00CC3983 /* SignUpUser.swift in Sources */,
				9830B3981BFDA4BF002B4619 /* EventsView.swift in Sources */,
				98F52F641C0FF09F00CB214F /* SignUpLeagueCell.swift in Sources */,
				983616DD1BFB9E7B0010C821 /* MenuView.swift in Sources */,
				98AF92B71BC3508100AF2015 /* Teams.swift in Sources */,
				98F52F621C0FC33600CB214F /* Code Clips.swift in Sources */,
				81BA814D1A49DA1800E65899 /* LoginView.swift in Sources */,
				9830B39E1BFDA6FD002B4619 /* StandingsCell.swift in Sources */,
				9830B3901BFD8F5A002B4619 /* ScheduleCell.swift in Sources */,
				9830B3961BFDA4AF002B4619 /* StandingsView.swift in Sources */,
				9830B3921BFD94E4002B4619 /* HomeView.swift in Sources */,
				983616D71BFAEF910010C821 /* SWRevealViewController.m in Sources */,
				9830B39A1BFDA4D8002B4619 /* VIPView.swift in Sources */,
				9830B38E1BFD8994002B4619 /* ScheduleView.swift in Sources */,
				98AF92BB1BC37AD700AF2015 /* Test.swift in Sources */,
				98F52F661C12650A00CB214F /* SignUpTeamCell.swift in Sources */,
				98AF92B91BC3797900AF2015 /* Schedule.swift in Sources */,
				81BA814B1A49DA1800E65899 /* AppDelegate.swift in Sources */,
				9830B3941BFDA48C002B4619 /* TeamView.swift in Sources */,
			);
			runOnlyForDeploymentPostprocessing = 0;
		};
/* End PBXSourcesBuildPhase section */

/* Begin PBXVariantGroup section */
		81BA814E1A49DA1800E65899 /* Main.storyboard */ = {
			isa = PBXVariantGroup;
			children = (
				81BA814F1A49DA1800E65899 /* Base */,
			);
			name = Main.storyboard;
			sourceTree = "<group>";
		};
/* End PBXVariantGroup section */

/* Begin XCBuildConfiguration section */
		81BA81621A49DA1800E65899 /* Debug */ = {
			isa = XCBuildConfiguration;
			buildSettings = {
				ALWAYS_SEARCH_USER_PATHS = NO;
				CLANG_CXX_LANGUAGE_STANDARD = "gnu++0x";
				CLANG_CXX_LIBRARY = "libc++";
				CLANG_ENABLE_MODULES = YES;
				CLANG_ENABLE_OBJC_ARC = YES;
				CLANG_WARN_BOOL_CONVERSION = YES;
				CLANG_WARN_CONSTANT_CONVERSION = YES;
				CLANG_WARN_DIRECT_OBJC_ISA_USAGE = YES_ERROR;
				CLANG_WARN_EMPTY_BODY = YES;
				CLANG_WARN_ENUM_CONVERSION = YES;
				CLANG_WARN_INT_CONVERSION = YES;
				CLANG_WARN_OBJC_ROOT_CLASS = YES_ERROR;
				CLANG_WARN_UNREACHABLE_CODE = YES;
				CLANG_WARN__DUPLICATE_METHOD_MATCH = YES;
				"CODE_SIGN_IDENTITY[sdk=iphoneos*]" = "iPhone Developer";
				COPY_PHASE_STRIP = NO;
				ENABLE_STRICT_OBJC_MSGSEND = YES;
				ENABLE_TESTABILITY = YES;
				GCC_C_LANGUAGE_STANDARD = gnu99;
				GCC_DYNAMIC_NO_PIC = NO;
				GCC_OPTIMIZATION_LEVEL = 0;
				GCC_PREPROCESSOR_DEFINITIONS = (
					"DEBUG=1",
					"$(inherited)",
				);
				GCC_SYMBOLS_PRIVATE_EXTERN = NO;
				GCC_WARN_64_TO_32_BIT_CONVERSION = YES;
				GCC_WARN_ABOUT_RETURN_TYPE = YES_ERROR;
				GCC_WARN_UNDECLARED_SELECTOR = YES;
				GCC_WARN_UNINITIALIZED_AUTOS = YES_AGGRESSIVE;
				GCC_WARN_UNUSED_FUNCTION = YES;
				GCC_WARN_UNUSED_VARIABLE = YES;
				IPHONEOS_DEPLOYMENT_TARGET = 8.0;
				MTL_ENABLE_DEBUG_INFO = YES;
				ONLY_ACTIVE_ARCH = YES;
				SDKROOT = iphoneos;
				SWIFT_OPTIMIZATION_LEVEL = "-Onone";
				TARGETED_DEVICE_FAMILY = "1,2";
			};
			name = Debug;
		};
		81BA81631A49DA1800E65899 /* Release */ = {
			isa = XCBuildConfiguration;
			buildSettings = {
				ALWAYS_SEARCH_USER_PATHS = NO;
				CLANG_CXX_LANGUAGE_STANDARD = "gnu++0x";
				CLANG_CXX_LIBRARY = "libc++";
				CLANG_ENABLE_MODULES = YES;
				CLANG_ENABLE_OBJC_ARC = YES;
				CLANG_WARN_BOOL_CONVERSION = YES;
				CLANG_WARN_CONSTANT_CONVERSION = YES;
				CLANG_WARN_DIRECT_OBJC_ISA_USAGE = YES_ERROR;
				CLANG_WARN_EMPTY_BODY = YES;
				CLANG_WARN_ENUM_CONVERSION = YES;
				CLANG_WARN_INT_CONVERSION = YES;
				CLANG_WARN_OBJC_ROOT_CLASS = YES_ERROR;
				CLANG_WARN_UNREACHABLE_CODE = YES;
				CLANG_WARN__DUPLICATE_METHOD_MATCH = YES;
				"CODE_SIGN_IDENTITY[sdk=iphoneos*]" = "iPhone Developer";
				COPY_PHASE_STRIP = YES;
				ENABLE_NS_ASSERTIONS = NO;
				ENABLE_STRICT_OBJC_MSGSEND = YES;
				GCC_C_LANGUAGE_STANDARD = gnu99;
				GCC_WARN_64_TO_32_BIT_CONVERSION = YES;
				GCC_WARN_ABOUT_RETURN_TYPE = YES_ERROR;
				GCC_WARN_UNDECLARED_SELECTOR = YES;
				GCC_WARN_UNINITIALIZED_AUTOS = YES_AGGRESSIVE;
				GCC_WARN_UNUSED_FUNCTION = YES;
				GCC_WARN_UNUSED_VARIABLE = YES;
				IPHONEOS_DEPLOYMENT_TARGET = 8.0;
				MTL_ENABLE_DEBUG_INFO = NO;
				SDKROOT = iphoneos;
				TARGETED_DEVICE_FAMILY = "1,2";
				VALIDATE_PRODUCT = YES;
			};
			name = Release;
		};
		81BA81651A49DA1800E65899 /* Debug */ = {
			isa = XCBuildConfiguration;
			buildSettings = {
				ASSETCATALOG_COMPILER_APPICON_NAME = AppIcon;
				ASSETCATALOG_COMPILER_LAUNCHIMAGE_NAME = LaunchImage;
				ENABLE_BITCODE = NO;
				FRAMEWORK_SEARCH_PATHS = (
					"$(inherited)",
					"$(PROJECT_DIR)",
					/Users/markmanstof/Documents/Xcode/FacebookSDK,
				);
				INFOPLIST_FILE = ParseStarterProject/Info.plist;
				LD_RUNPATH_SEARCH_PATHS = "$(inherited) @executable_path/Frameworks";
				PRODUCT_BUNDLE_IDENTIFIER = com.manstof.BCSGameday;
				PRODUCT_NAME = "BCS Gameday";
				SWIFT_OBJC_BRIDGING_HEADER = "ParseStarterProject/ParseStarterProject-Bridging-Header.h";
			};
			name = Debug;
		};
		81BA81661A49DA1800E65899 /* Release */ = {
			isa = XCBuildConfiguration;
			buildSettings = {
				ASSETCATALOG_COMPILER_APPICON_NAME = AppIcon;
				ASSETCATALOG_COMPILER_LAUNCHIMAGE_NAME = LaunchImage;
				ENABLE_BITCODE = NO;
				FRAMEWORK_SEARCH_PATHS = (
					"$(inherited)",
					"$(PROJECT_DIR)",
					/Users/markmanstof/Documents/Xcode/FacebookSDK,
				);
				INFOPLIST_FILE = ParseStarterProject/Info.plist;
				LD_RUNPATH_SEARCH_PATHS = "$(inherited) @executable_path/Frameworks";
				PRODUCT_BUNDLE_IDENTIFIER = com.manstof.BCSGameday;
				PRODUCT_NAME = "BCS Gameday";
				SWIFT_OBJC_BRIDGING_HEADER = "ParseStarterProject/ParseStarterProject-Bridging-Header.h";
			};
			name = Release;
		};
/* End XCBuildConfiguration section */

/* Begin XCConfigurationList section */
		81BA81401A49DA1800E65899 /* Build configuration list for PBXProject "BCS Gameday" */ = {
			isa = XCConfigurationList;
			buildConfigurations = (
				81BA81621A49DA1800E65899 /* Debug */,
				81BA81631A49DA1800E65899 /* Release */,
			);
			defaultConfigurationIsVisible = 0;
			defaultConfigurationName = Release;
		};
		81BA81641A49DA1800E65899 /* Build configuration list for PBXNativeTarget "BCS Gameday" */ = {
			isa = XCConfigurationList;
			buildConfigurations = (
				81BA81651A49DA1800E65899 /* Debug */,
				81BA81661A49DA1800E65899 /* Release */,
			);
			defaultConfigurationIsVisible = 0;
			defaultConfigurationName = Release;
		};
/* End XCConfigurationList section */
	};
	rootObject = 81BA813D1A49DA1800E65899 /* Project object */;
}
